
Microsoft Visual Studio Solution File, Format Version 12.00
# Visual Studio 2013
VisualStudioVersion = 12.0.31101.0
MinimumVisualStudioVersion = 10.0.40219.1
Project("{FAE04EC0-301F-11D3-BF4B-00C04F79EFBC}") = "BlameVSPackage", "BlameVSPackage\BlameVSPackage.csproj", "{20690BCB-FFFE-4805-8DAC-DD27381DD9D3}"
EndProject
Project("{FAE04EC0-301F-11D3-BF4B-00C04F79EFBC}") = "BlameVSPackage_IntegrationTests", "BlameVSPackage\BlameVSPackage_IntegrationTests\BlameVSPackage_IntegrationTests.csproj", "{4F664927-211C-4482-BB43-CAE2A954EA89}"
EndProject
Project("{2150E333-8FDC-42A3-9474-1A3956D46DE8}") = "Solution Items", "Solution Items", "{37F189AE-7DB3-46F0-B85D-07FBCE4D6D29}"
	ProjectSection(SolutionItems) = preProject
		IntegrationTests.testsettings = IntegrationTests.testsettings
		UnitTests.testsettings = UnitTests.testsettings
	EndProjectSection
EndProject
Project("{FAE04EC0-301F-11D3-BF4B-00C04F79EFBC}") = "BlameVSPackage_UnitTests", "BlameVSPackage\BlameVSPackage_UnitTests\BlameVSPackage_UnitTests.csproj", "{362962D0-E5BE-41F8-B6D5-6A168BDEA918}"
EndProject
Project("{FAE04EC0-301F-11D3-BF4B-00C04F79EFBC}") = "QuickPOC", "QuickPOC\QuickPOC.csproj", "{BFD1F8AE-E3B0-4DA7-A64F-F7F684D353ED}"
EndProject
Project("{FAE04EC0-301F-11D3-BF4B-00C04F79EFBC}") = "BlameVS.Data", "BlameVS.Data\BlameVS.Data.csproj", "{B584AE98-1F9E-4934-966F-A63E3AA73B19}"
EndProject
Project("{FAE04EC0-301F-11D3-BF4B-00C04F79EFBC}") = "BlameVS.Presentation", "BlameVS.Presentation\BlameVS.Presentation.csproj", "{992F5861-9C95-4D34-BFD7-84365EAA27B2}"
EndProject
Global
	GlobalSection(SolutionConfigurationPlatforms) = preSolution
		Debug|Any CPU = Debug|Any CPU
		Release|Any CPU = Release|Any CPU
	EndGlobalSection
	GlobalSection(ProjectConfigurationPlatforms) = postSolution
		{20690BCB-FFFE-4805-8DAC-DD27381DD9D3}.Debug|Any CPU.ActiveCfg = Debug|Any CPU
		{20690BCB-FFFE-4805-8DAC-DD27381DD9D3}.Debug|Any CPU.Build.0 = Debug|Any CPU
		{20690BCB-FFFE-4805-8DAC-DD27381DD9D3}.Release|Any CPU.ActiveCfg = Release|Any CPU
		{20690BCB-FFFE-4805-8DAC-DD27381DD9D3}.Release|Any CPU.Build.0 = Release|Any CPU
		{4F664927-211C-4482-BB43-CAE2A954EA89}.Debug|Any CPU.ActiveCfg = Debug|Any CPU
		{4F664927-211C-4482-BB43-CAE2A954EA89}.Debug|Any CPU.Build.0 = Debug|Any CPU
		{4F664927-211C-4482-BB43-CAE2A954EA89}.Release|Any CPU.ActiveCfg = Release|Any CPU
		{4F664927-211C-4482-BB43-CAE2A954EA89}.Release|Any CPU.Build.0 = Release|Any CPU
		{362962D0-E5BE-41F8-B6D5-6A168BDEA918}.Debug|Any CPU.ActiveCfg = Debug|Any CPU
		{362962D0-E5BE-41F8-B6D5-6A168BDEA918}.Debug|Any CPU.Build.0 = Debug|Any CPU
		{362962D0-E5BE-41F8-B6D5-6A168BDEA918}.Release|Any CPU.ActiveCfg = Release|Any CPU
		{362962D0-E5BE-41F8-B6D5-6A168BDEA918}.Release|Any CPU.Build.0 = Release|Any CPU
		{BFD1F8AE-E3B0-4DA7-A64F-F7F684D353ED}.Debug|Any CPU.ActiveCfg = Debug|Any CPU
		{BFD1F8AE-E3B0-4DA7-A64F-F7F684D353ED}.Debug|Any CPU.Build.0 = Debug|Any CPU
		{BFD1F8AE-E3B0-4DA7-A64F-F7F684D353ED}.Release|Any CPU.ActiveCfg = Release|Any CPU
		{BFD1F8AE-E3B0-4DA7-A64F-F7F684D353ED}.Release|Any CPU.Build.0 = Release|Any CPU
		{B584AE98-1F9E-4934-966F-A63E3AA73B19}.Debug|Any CPU.ActiveCfg = Debug|Any CPU
		{B584AE98-1F9E-4934-966F-A63E3AA73B19}.Debug|Any CPU.Build.0 = Debug|Any CPU
		{B584AE98-1F9E-4934-966F-A63E3AA73B19}.Release|Any CPU.ActiveCfg = Release|Any CPU
		{B584AE98-1F9E-4934-966F-A63E3AA73B19}.Release|Any CPU.Build.0 = Release|Any CPU
		{992F5861-9C95-4D34-BFD7-84365EAA27B2}.Debug|Any CPU.ActiveCfg = Debug|Any CPU
		{992F5861-9C95-4D34-BFD7-84365EAA27B2}.Debug|Any CPU.Build.0 = Debug|Any CPU
		{992F5861-9C95-4D34-BFD7-84365EAA27B2}.Release|Any CPU.ActiveCfg = Release|Any CPU
		{992F5861-9C95-4D34-BFD7-84365EAA27B2}.Release|Any CPU.Build.0 = Release|Any CPU
	EndGlobalSection
	GlobalSection(SolutionProperties) = preSolution
		HideSolutionNode = FALSE
	EndGlobalSection
EndGlobal
